
Microsoft Visual Studio Solution File, Format Version 12.00
# Visual Studio Version 17
VisualStudioVersion = 17.9.34728.123
MinimumVisualStudioVersion = 10.0.40219.1
Project("{FAE04EC0-301F-11D3-BF4B-00C04F79EFBC}") = "ListBookDemo.DB", "ListBookDemo\ListBookDemo.DB.csproj", "{7803FBF6-AE12-4723-B7D3-10E2659CEB71}"
EndProject
Project("{FAE04EC0-301F-11D3-BF4B-00C04F79EFBC}") = "ListBookDemo.MyWPF", "ListBookDemo.MyWPF\ListBookDemo.MyWPF.csproj", "{45E4C617-807F-49DD-BD6C-A18B3CFB3E5D}"
EndProject
Global
	GlobalSection(SolutionConfigurationPlatforms) = preSolution
		Debug|Any CPU = Debug|Any CPU
		Release|Any CPU = Release|Any CPU
	EndGlobalSection
	GlobalSection(ProjectConfigurationPlatforms) = postSolution
		{7803FBF6-AE12-4723-B7D3-10E2659CEB71}.Debug|Any CPU.ActiveCfg = Debug|Any CPU
		{7803FBF6-AE12-4723-B7D3-10E2659CEB71}.Debug|Any CPU.Build.0 = Debug|Any CPU
		{7803FBF6-AE12-4723-B7D3-10E2659CEB71}.Release|Any CPU.ActiveCfg = Release|Any CPU
		{7803FBF6-AE12-4723-B7D3-10E2659CEB71}.Release|Any CPU.Build.0 = Release|Any CPU
		{45E4C617-807F-49DD-BD6C-A18B3CFB3E5D}.Debug|Any CPU.ActiveCfg = Debug|Any CPU
		{45E4C617-807F-49DD-BD6C-A18B3CFB3E5D}.Debug|Any CPU.Build.0 = Debug|Any CPU
		{45E4C617-807F-49DD-BD6C-A18B3CFB3E5D}.Release|Any CPU.ActiveCfg = Release|Any CPU
		{45E4C617-807F-49DD-BD6C-A18B3CFB3E5D}.Release|Any CPU.Build.0 = Release|Any CPU
	EndGlobalSection
	GlobalSection(SolutionProperties) = preSolution
		HideSolutionNode = FALSE
	EndGlobalSection
	GlobalSection(ExtensibilityGlobals) = postSolution
		SolutionGuid = {4DC760A2-3BA1-4CE6-A22A-EEA867A2BBCA}
	EndGlobalSection
EndGlobal
